
Microsoft Visual Studio Solution File, Format Version 12.00
# Visual Studio Version 16
VisualStudioVersion = 25.0.1704.2
MinimumVisualStudioVersion = 10.0.40219.1
Project("{FAE04EC0-301F-11D3-BF4B-00C04F79EFBC}") = "StudentEnrollmentApp", "StudentEnrollmentApp\StudentEnrollmentApp.csproj", "{58751B60-6B4C-46D4-8FD2-B722388AC469}"
EndProject
Global
	GlobalSection(SolutionConfigurationPlatforms) = preSolution
		Debug|Any CPU = Debug|Any CPU
		Release|Any CPU = Release|Any CPU
	EndGlobalSection
	GlobalSection(ProjectConfigurationPlatforms) = postSolution
		{58751B60-6B4C-46D4-8FD2-B722388AC469}.Debug|Any CPU.ActiveCfg = Debug|Any CPU
		{58751B60-6B4C-46D4-8FD2-B722388AC469}.Debug|Any CPU.Build.0 = Debug|Any CPU
		{58751B60-6B4C-46D4-8FD2-B722388AC469}.Release|Any CPU.ActiveCfg = Release|Any CPU
		{58751B60-6B4C-46D4-8FD2-B722388AC469}.Release|Any CPU.Build.0 = Release|Any CPU
	EndGlobalSection
	GlobalSection(SolutionProperties) = preSolution
		HideSolutionNode = FALSE
	EndGlobalSection
	GlobalSection(ExtensibilityGlobals) = postSolution
		SolutionGuid = {DD88AB95-8FB7-41B8-B54A-DE176E15C64F}
	EndGlobalSection
EndGlobal
